
Microsoft Visual Studio Solution File, Format Version 12.00
# Visual Studio 2013
VisualStudioVersion = 12.0.21005.1
MinimumVisualStudioVersion = 10.0.40219.1
Project("{FAE04EC0-301F-11D3-BF4B-00C04F79EFBC}") = "CHD", "CHD\CHD.csproj", "{C6B59327-9F5D-4644-B545-202EE95E1575}"
EndProject
Project("{FAE04EC0-301F-11D3-BF4B-00C04F79EFBC}") = "CHDBank", "CHDBank\CHDBank.csproj", "{14299ECF-83D9-4178-8FB9-B65CC2C8899E}"
EndProject
Project("{FAE04EC0-301F-11D3-BF4B-00C04F79EFBC}") = "CHD805ATMDemo", "CHDBankDemo\CHD805ATMDemo.csproj", "{6912FF64-779E-4C64-A733-785A7E48B0D6}"
EndProject
Project("{FAE04EC0-301F-11D3-BF4B-00C04F79EFBC}") = "CHDDemo", "CHDDemo\CHDDemo.csproj", "{93A4E927-5EAC-4C77-A63B-4B6751D070ED}"
EndProject
Project("{FAE04EC0-301F-11D3-BF4B-00C04F79EFBC}") = "CHDT5Demo", "CHDT5Demo\CHDT5Demo.csproj", "{2E9B1079-A2DA-4FE0-A309-8E0FC11D4EC8}"
EndProject
Project("{FAE04EC0-301F-11D3-BF4B-00C04F79EFBC}") = "CHDLHDemo", "CHDLHDemo\CHDLHDemo.csproj", "{7676FF0D-6594-405B-89B9-5E7AD057242A}"
EndProject
Project("{FAE04EC0-301F-11D3-BF4B-00C04F79EFBC}") = "CHD805Demo", "CHD805Demo\CHD805Demo.csproj", "{CF7ACBB0-BFB4-40D0-9D1E-1B57F4C08BD4}"
EndProject
Project("{FAE04EC0-301F-11D3-BF4B-00C04F79EFBC}") = "CHD689Demo", "CHD689Demo\CHD689Demo.csproj", "{949CCE6F-4347-43E6-A66E-266C8B24D151}"
EndProject
Project("{FAE04EC0-301F-11D3-BF4B-00C04F79EFBC}") = "CHD200GDemo", "CHD200GDemo\CHD200GDemo.csproj", "{BF9D4BBC-C5DD-481D-92B5-4EDD5A1EF68F}"
EndProject
Project("{FAE04EC0-301F-11D3-BF4B-00C04F79EFBC}") = "CHD200HDemo", "CHD200HDemo\CHD200HDemo.csproj", "{3F1C4B7F-6D05-436C-A9B4-9D5806B4B9ED}"
EndProject
Project("{FAE04EC0-301F-11D3-BF4B-00C04F79EFBC}") = "CHD603SDemo", "CHD603SDemo\CHD603SDemo.csproj", "{632AD61A-FDC2-438F-A322-BEA08060B3B7}"
EndProject
Project("{FAE04EC0-301F-11D3-BF4B-00C04F79EFBC}") = "CHD825TDemo", "CHD825TDemo\CHD825TDemo.csproj", "{74737EE9-C715-4434-9CB9-E08F7007BF50}"
EndProject
Project("{FAE04EC0-301F-11D3-BF4B-00C04F79EFBC}") = "CHDIOCtrlDemo", "CHDIOCtrlDemo\CHDIOCtrlDemo.csproj", "{0EBCE507-7F8A-4AF1-8AEE-0FECF221EB82}"
EndProject
Project("{FAE04EC0-301F-11D3-BF4B-00C04F79EFBC}") = "CHD806D4CDemo", "CHD806D4CDemo\CHD806D4CDemo.csproj", "{6031B4BC-74B6-4363-BD7E-7AF0B80783A8}"
EndProject
Project("{FAE04EC0-301F-11D3-BF4B-00C04F79EFBC}") = "CHD815T_M3Demo", "CHD815T_M3Demo\CHD815T_M3Demo.csproj", "{496DA7EE-2631-4363-BB1D-B14EE252FE07}"
EndProject
Project("{FAE04EC0-301F-11D3-BF4B-00C04F79EFBC}") = "CHD806D2CPDemo", "CHD806D2CPDemo\CHD806D2CPDemo.csproj", "{F015FACE-47EA-4E07-9D9D-5C1384CC9A6B}"
EndProject
Project("{FAE04EC0-301F-11D3-BF4B-00C04F79EFBC}") = "CHD806D4M3Demo", "CHD806D4M3Demo\CHD806D4M3Demo.csproj", "{F00E0B0F-662C-401F-8DB8-F9CAEEC13C64}"
EndProject
Project("{FAE04EC0-301F-11D3-BF4B-00C04F79EFBC}") = "CHD106D_M3Demo", "CHD601D_M3Demo\CHD106D_M3Demo.csproj", "{BF2F6EDA-3B56-4BC5-916D-92023D025232}"
EndProject
Project("{FAE04EC0-301F-11D3-BF4B-00C04F79EFBC}") = "CHD806D2M3BDemo", "CHD806D2M3BDemo\CHD806D2M3BDemo.csproj", "{BFCBFFC7-4C2A-4025-B8EA-3DF11E7E6A40}"
EndProject
Project("{FAE04EC0-301F-11D3-BF4B-00C04F79EFBC}") = "CHDTHSendorDemo", "CHDTHSendorDemo\CHDTHSendorDemo.csproj", "{48300E42-C856-4701-AC77-FE307545D255}"
EndProject
Project("{FAE04EC0-301F-11D3-BF4B-00C04F79EFBC}") = "CHDCardReaderDemo", "CHDCardReaderDemo\CHDCardReaderDemo.csproj", "{AC29C6D6-04E2-4418-AFC5-E4D33D6FC972}"
EndProject
Global
	GlobalSection(SolutionConfigurationPlatforms) = preSolution
		Debug|Any CPU = Debug|Any CPU
		Release|Any CPU = Release|Any CPU
	EndGlobalSection
	GlobalSection(ProjectConfigurationPlatforms) = postSolution
		{C6B59327-9F5D-4644-B545-202EE95E1575}.Debug|Any CPU.ActiveCfg = Debug|Any CPU
		{C6B59327-9F5D-4644-B545-202EE95E1575}.Debug|Any CPU.Build.0 = Debug|Any CPU
		{C6B59327-9F5D-4644-B545-202EE95E1575}.Release|Any CPU.ActiveCfg = Release|Any CPU
		{C6B59327-9F5D-4644-B545-202EE95E1575}.Release|Any CPU.Build.0 = Release|Any CPU
		{14299ECF-83D9-4178-8FB9-B65CC2C8899E}.Debug|Any CPU.ActiveCfg = Debug|Any CPU
		{14299ECF-83D9-4178-8FB9-B65CC2C8899E}.Debug|Any CPU.Build.0 = Debug|Any CPU
		{14299ECF-83D9-4178-8FB9-B65CC2C8899E}.Release|Any CPU.ActiveCfg = Release|Any CPU
		{14299ECF-83D9-4178-8FB9-B65CC2C8899E}.Release|Any CPU.Build.0 = Release|Any CPU
		{6912FF64-779E-4C64-A733-785A7E48B0D6}.Debug|Any CPU.ActiveCfg = Debug|Any CPU
		{6912FF64-779E-4C64-A733-785A7E48B0D6}.Debug|Any CPU.Build.0 = Debug|Any CPU
		{6912FF64-779E-4C64-A733-785A7E48B0D6}.Release|Any CPU.ActiveCfg = Release|Any CPU
		{6912FF64-779E-4C64-A733-785A7E48B0D6}.Release|Any CPU.Build.0 = Release|Any CPU
		{93A4E927-5EAC-4C77-A63B-4B6751D070ED}.Debug|Any CPU.ActiveCfg = Debug|Any CPU
		{93A4E927-5EAC-4C77-A63B-4B6751D070ED}.Debug|Any CPU.Build.0 = Debug|Any CPU
		{93A4E927-5EAC-4C77-A63B-4B6751D070ED}.Release|Any CPU.ActiveCfg = Release|Any CPU
		{93A4E927-5EAC-4C77-A63B-4B6751D070ED}.Release|Any CPU.Build.0 = Release|Any CPU
		{2E9B1079-A2DA-4FE0-A309-8E0FC11D4EC8}.Debug|Any CPU.ActiveCfg = Debug|Any CPU
		{2E9B1079-A2DA-4FE0-A309-8E0FC11D4EC8}.Debug|Any CPU.Build.0 = Debug|Any CPU
		{2E9B1079-A2DA-4FE0-A309-8E0FC11D4EC8}.Release|Any CPU.ActiveCfg = Release|Any CPU
		{2E9B1079-A2DA-4FE0-A309-8E0FC11D4EC8}.Release|Any CPU.Build.0 = Release|Any CPU
		{7676FF0D-6594-405B-89B9-5E7AD057242A}.Debug|Any CPU.ActiveCfg = Debug|Any CPU
		{7676FF0D-6594-405B-89B9-5E7AD057242A}.Debug|Any CPU.Build.0 = Debug|Any CPU
		{7676FF0D-6594-405B-89B9-5E7AD057242A}.Release|Any CPU.ActiveCfg = Release|Any CPU
		{7676FF0D-6594-405B-89B9-5E7AD057242A}.Release|Any CPU.Build.0 = Release|Any CPU
		{CF7ACBB0-BFB4-40D0-9D1E-1B57F4C08BD4}.Debug|Any CPU.ActiveCfg = Debug|Any CPU
		{CF7ACBB0-BFB4-40D0-9D1E-1B57F4C08BD4}.Debug|Any CPU.Build.0 = Debug|Any CPU
		{CF7ACBB0-BFB4-40D0-9D1E-1B57F4C08BD4}.Release|Any CPU.ActiveCfg = Release|Any CPU
		{CF7ACBB0-BFB4-40D0-9D1E-1B57F4C08BD4}.Release|Any CPU.Build.0 = Release|Any CPU
		{949CCE6F-4347-43E6-A66E-266C8B24D151}.Debug|Any CPU.ActiveCfg = Debug|Any CPU
		{949CCE6F-4347-43E6-A66E-266C8B24D151}.Debug|Any CPU.Build.0 = Debug|Any CPU
		{949CCE6F-4347-43E6-A66E-266C8B24D151}.Release|Any CPU.ActiveCfg = Release|Any CPU
		{949CCE6F-4347-43E6-A66E-266C8B24D151}.Release|Any CPU.Build.0 = Release|Any CPU
		{BF9D4BBC-C5DD-481D-92B5-4EDD5A1EF68F}.Debug|Any CPU.ActiveCfg = Debug|Any CPU
		{BF9D4BBC-C5DD-481D-92B5-4EDD5A1EF68F}.Debug|Any CPU.Build.0 = Debug|Any CPU
		{BF9D4BBC-C5DD-481D-92B5-4EDD5A1EF68F}.Release|Any CPU.ActiveCfg = Release|Any CPU
		{BF9D4BBC-C5DD-481D-92B5-4EDD5A1EF68F}.Release|Any CPU.Build.0 = Release|Any CPU
		{3F1C4B7F-6D05-436C-A9B4-9D5806B4B9ED}.Debug|Any CPU.ActiveCfg = Debug|Any CPU
		{3F1C4B7F-6D05-436C-A9B4-9D5806B4B9ED}.Debug|Any CPU.Build.0 = Debug|Any CPU
		{3F1C4B7F-6D05-436C-A9B4-9D5806B4B9ED}.Release|Any CPU.ActiveCfg = Release|Any CPU
		{3F1C4B7F-6D05-436C-A9B4-9D5806B4B9ED}.Release|Any CPU.Build.0 = Release|Any CPU
		{632AD61A-FDC2-438F-A322-BEA08060B3B7}.Debug|Any CPU.ActiveCfg = Debug|Any CPU
		{632AD61A-FDC2-438F-A322-BEA08060B3B7}.Debug|Any CPU.Build.0 = Debug|Any CPU
		{632AD61A-FDC2-438F-A322-BEA08060B3B7}.Release|Any CPU.ActiveCfg = Release|Any CPU
		{632AD61A-FDC2-438F-A322-BEA08060B3B7}.Release|Any CPU.Build.0 = Release|Any CPU
		{74737EE9-C715-4434-9CB9-E08F7007BF50}.Debug|Any CPU.ActiveCfg = Debug|Any CPU
		{74737EE9-C715-4434-9CB9-E08F7007BF50}.Debug|Any CPU.Build.0 = Debug|Any CPU
		{74737EE9-C715-4434-9CB9-E08F7007BF50}.Release|Any CPU.ActiveCfg = Release|Any CPU
		{74737EE9-C715-4434-9CB9-E08F7007BF50}.Release|Any CPU.Build.0 = Release|Any CPU
		{0EBCE507-7F8A-4AF1-8AEE-0FECF221EB82}.Debug|Any CPU.ActiveCfg = Debug|Any CPU
		{0EBCE507-7F8A-4AF1-8AEE-0FECF221EB82}.Debug|Any CPU.Build.0 = Debug|Any CPU
		{0EBCE507-7F8A-4AF1-8AEE-0FECF221EB82}.Release|Any CPU.ActiveCfg = Release|Any CPU
		{0EBCE507-7F8A-4AF1-8AEE-0FECF221EB82}.Release|Any CPU.Build.0 = Release|Any CPU
		{6031B4BC-74B6-4363-BD7E-7AF0B80783A8}.Debug|Any CPU.ActiveCfg = Debug|Any CPU
		{6031B4BC-74B6-4363-BD7E-7AF0B80783A8}.Debug|Any CPU.Build.0 = Debug|Any CPU
		{6031B4BC-74B6-4363-BD7E-7AF0B80783A8}.Release|Any CPU.ActiveCfg = Release|Any CPU
		{6031B4BC-74B6-4363-BD7E-7AF0B80783A8}.Release|Any CPU.Build.0 = Release|Any CPU
		{496DA7EE-2631-4363-BB1D-B14EE252FE07}.Debug|Any CPU.ActiveCfg = Debug|Any CPU
		{496DA7EE-2631-4363-BB1D-B14EE252FE07}.Debug|Any CPU.Build.0 = Debug|Any CPU
		{496DA7EE-2631-4363-BB1D-B14EE252FE07}.Release|Any CPU.ActiveCfg = Release|Any CPU
		{496DA7EE-2631-4363-BB1D-B14EE252FE07}.Release|Any CPU.Build.0 = Release|Any CPU
		{F015FACE-47EA-4E07-9D9D-5C1384CC9A6B}.Debug|Any CPU.ActiveCfg = Debug|Any CPU
		{F015FACE-47EA-4E07-9D9D-5C1384CC9A6B}.Debug|Any CPU.Build.0 = Debug|Any CPU
		{F015FACE-47EA-4E07-9D9D-5C1384CC9A6B}.Release|Any CPU.ActiveCfg = Release|Any CPU
		{F015FACE-47EA-4E07-9D9D-5C1384CC9A6B}.Release|Any CPU.Build.0 = Release|Any CPU
		{F00E0B0F-662C-401F-8DB8-F9CAEEC13C64}.Debug|Any CPU.ActiveCfg = Debug|Any CPU
		{F00E0B0F-662C-401F-8DB8-F9CAEEC13C64}.Debug|Any CPU.Build.0 = Debug|Any CPU
		{F00E0B0F-662C-401F-8DB8-F9CAEEC13C64}.Release|Any CPU.ActiveCfg = Release|Any CPU
		{F00E0B0F-662C-401F-8DB8-F9CAEEC13C64}.Release|Any CPU.Build.0 = Release|Any CPU
		{BF2F6EDA-3B56-4BC5-916D-92023D025232}.Debug|Any CPU.ActiveCfg = Debug|Any CPU
		{BF2F6EDA-3B56-4BC5-916D-92023D025232}.Debug|Any CPU.Build.0 = Debug|Any CPU
		{BF2F6EDA-3B56-4BC5-916D-92023D025232}.Release|Any CPU.ActiveCfg = Release|Any CPU
		{BF2F6EDA-3B56-4BC5-916D-92023D025232}.Release|Any CPU.Build.0 = Release|Any CPU
		{BFCBFFC7-4C2A-4025-B8EA-3DF11E7E6A40}.Debug|Any CPU.ActiveCfg = Debug|Any CPU
		{BFCBFFC7-4C2A-4025-B8EA-3DF11E7E6A40}.Debug|Any CPU.Build.0 = Debug|Any CPU
		{BFCBFFC7-4C2A-4025-B8EA-3DF11E7E6A40}.Release|Any CPU.ActiveCfg = Release|Any CPU
		{BFCBFFC7-4C2A-4025-B8EA-3DF11E7E6A40}.Release|Any CPU.Build.0 = Release|Any CPU
		{48300E42-C856-4701-AC77-FE307545D255}.Debug|Any CPU.ActiveCfg = Debug|Any CPU
		{48300E42-C856-4701-AC77-FE307545D255}.Debug|Any CPU.Build.0 = Debug|Any CPU
		{48300E42-C856-4701-AC77-FE307545D255}.Release|Any CPU.ActiveCfg = Release|Any CPU
		{48300E42-C856-4701-AC77-FE307545D255}.Release|Any CPU.Build.0 = Release|Any CPU
		{AC29C6D6-04E2-4418-AFC5-E4D33D6FC972}.Debug|Any CPU.ActiveCfg = Debug|Any CPU
		{AC29C6D6-04E2-4418-AFC5-E4D33D6FC972}.Debug|Any CPU.Build.0 = Debug|Any CPU
		{AC29C6D6-04E2-4418-AFC5-E4D33D6FC972}.Release|Any CPU.ActiveCfg = Release|Any CPU
		{AC29C6D6-04E2-4418-AFC5-E4D33D6FC972}.Release|Any CPU.Build.0 = Release|Any CPU
	EndGlobalSection
	GlobalSection(SolutionProperties) = preSolution
		HideSolutionNode = FALSE
	EndGlobalSection
EndGlobal
